
Microsoft Visual Studio Solution File, Format Version 12.00
# Visual Studio Version 16
VisualStudioVersion = 16.0.32106.194
MinimumVisualStudioVersion = 10.0.40219.1
Project("{FAE04EC0-301F-11D3-BF4B-00C04F79EFBC}") = "ClassMethodDemo", "ClassMethodDemo\ClassMethodDemo.csproj", "{22693E69-FE5D-4727-9696-2BA6CCE99865}"
EndProject
Global
	GlobalSection(SolutionConfigurationPlatforms) = preSolution
		Debug|Any CPU = Debug|Any CPU
		Release|Any CPU = Release|Any CPU
	EndGlobalSection
	GlobalSection(ProjectConfigurationPlatforms) = postSolution
		{22693E69-FE5D-4727-9696-2BA6CCE99865}.Debug|Any CPU.ActiveCfg = Debug|Any CPU
		{22693E69-FE5D-4727-9696-2BA6CCE99865}.Debug|Any CPU.Build.0 = Debug|Any CPU
		{22693E69-FE5D-4727-9696-2BA6CCE99865}.Release|Any CPU.ActiveCfg = Release|Any CPU
		{22693E69-FE5D-4727-9696-2BA6CCE99865}.Release|Any CPU.Build.0 = Release|Any CPU
	EndGlobalSection
	GlobalSection(SolutionProperties) = preSolution
		HideSolutionNode = FALSE
	EndGlobalSection
	GlobalSection(ExtensibilityGlobals) = postSolution
		SolutionGuid = {373C1E54-A081-409E-922F-1A1807B5351E}
	EndGlobalSection
EndGlobal
